# LaTeX Perfectionist v24 - Package Version Lock
# Generated: 2025-07-15
# Spec: v24-R3
# Frozen CTAN date: 2025-03-31

# Document classes (exactly 3 permitted)
classes:
  article:
    version: "1.4n"
    ctan_hash: "d2c8f6e4b8a0f1e2d3c4b5a6c7d8e9f0"
    frozen_date: "2025-03-31"
    description: "Standard LaTeX article class"
  
  amsart:
    version: "2.20.6"
    ctan_hash: "a1b2c3d4e5f6789012345678901234567890abcd"
    frozen_date: "2025-03-31"
    description: "AMS article class"
  
  amsbook:
    version: "2.20.6"
    ctan_hash: "123456789abcdef0123456789abcdef0123456789"
    frozen_date: "2025-03-31"
    description: "AMS book class"

# Whitelisted packages (as per v24 specification)
packages:
  amsmath:
    version: "2.17q"
    ctan_hash: "f1e2d3c4b5a6c7d8e9f0a1b2c3d4e5f6c7d8e9f0"
    frozen_date: "2025-03-31"
    description: "AMS mathematical facilities"
  
  amsfonts:
    version: "3.04"
    ctan_hash: "abcdef0123456789abcdef0123456789abcdef01"
    frozen_date: "2025-03-31"
    description: "AMS fonts and symbols"
  
  graphicx:
    version: "1.2a"
    ctan_hash: "123abc456def789012abc345def67890123abc45"
    frozen_date: "2025-03-31"
    description: "Enhanced graphics support"
  
  hyperref:
    version: "7.00v"
    ctan_hash: "def123456789abcdef123456789abcdef123456789"
    frozen_date: "2025-03-31"
    description: "Extensive hypertext links"
  
  biblatex:
    version: "3.19"
    ctan_hash: "456789abcdef0123456789abcdef0123456789abc"
    frozen_date: "2025-03-31"
    description: "Sophisticated bibliography support"
  
  mathtools:
    version: "1.28"
    ctan_hash: "789abcdef0123456789abcdef0123456789abcdef"
    frozen_date: "2025-03-31"
    description: "Mathematical tools to use with amsmath"
  
  geometry:
    version: "5.9"
    ctan_hash: "0123456789abcdef0123456789abcdef0123456789"
    frozen_date: "2025-03-31"
    description: "Flexible page geometry"
  
  microtype:
    version: "3.0a"
    ctan_hash: "3456789abcdef0123456789abcdef0123456789ab"
    frozen_date: "2025-03-31"
    description: "Subliminal refinements towards typographical perfection"
  
  cleveref:
    version: "0.21.4"
    ctan_hash: "6789abcdef0123456789abcdef0123456789abcde"
    frozen_date: "2025-03-31"
    description: "Intelligent cross-referencing"
  
  xcolor:
    version: "2.14"
    ctan_hash: "9abcdef0123456789abcdef0123456789abcdef01"
    frozen_date: "2025-03-31"
    description: "Driver-independent color extensions"
  
  csquotes:
    version: "5.2l"
    ctan_hash: "cdef0123456789abcdef0123456789abcdef012345"
    frozen_date: "2025-03-31"
    description: "Context sensitive quotation facilities"
  
  siunitx:
    version: "3.2.25"
    ctan_hash: "f0123456789abcdef0123456789abcdef0123456"
    frozen_date: "2025-03-31"
    description: "A comprehensive SI units package"
  
  tikz:
    version: "3.1.10"
    ctan_hash: "23456789abcdef0123456789abcdef0123456789a"
    frozen_date: "2025-03-31"
    description: "Create PostScript and PDF graphics"
  
  pgfplots:
    version: "1.18.1"
    ctan_hash: "56789abcdef0123456789abcdef0123456789abcd"
    frozen_date: "2025-03-31"
    description: "Create normal/logarithmic plots"
  
  url:
    version: "3.4"
    ctan_hash: "89abcdef0123456789abcdef0123456789abcdef0"
    frozen_date: "2025-03-31"
    description: "Verbatim with URL-sensitive line breaks"
  
  latexdiff:
    version: "1.3.2"
    ctan_hash: "bcdef0123456789abcdef0123456789abcdef0123"
    frozen_date: "2025-03-31"
    description: "Determine and mark up significant differences"

# Engine specification
engine:
  pdftex:
    version: "1.40.26"
    distribution: "Alpine Linux 3.19"
    image_sha256: "b68d123456789abcdef0123456789abcdef0123456789abcdef0123456789abcdef"
    frozen_date: "2025-03-31"
    flags: ["--no-shell-escape", "--halt-on-error"]
    description: "pdfTeX engine for LaTeX ε subset"

# Verification constraints
constraints:
  max_macro_calls: 512
  max_tokens_after_expansion: 8192
  permitted_catcode_changes: "group-scoped-only"
  forbidden_commands: ["\\def", "\\csname", "\\futurelet", "\\write18"]
  required_commands: ["\\newcommand", "\\renewcommand"]
  verbatim_handling: "single_token_TVerbatim"

# Compliance metadata
metadata:
  spec_version: "v24-R3"
  generated_date: "2025-07-15"
  compliance_level: "LaTeX_epsilon_subset"
  verification_status: "formal_proof_required"
  last_updated: "2025-07-15"